// !$*UTF8*$!
{
	archiveVersion = 1;
	classes = {
	};
	objectVersion = 46;
	objects = {

/* Begin PBXBuildFile section */
		4A3D431017139F9900558A80 /* ANFixture.h in CopyFiles */ = {isa = PBXBuildFile; fileRef = 4AE4371216DC47F1003B792D /* ANFixture.h */; };
		4A3D431117139F9900558A80 /* ANController.h in CopyFiles */ = {isa = PBXBuildFile; fileRef = 4A8729B416D6FC7C00750B6C /* ANController.h */; };
		4A3D431217139F9900558A80 /* ANDmxPacket.h in CopyFiles */ = {isa = PBXBuildFile; fileRef = 4A5683AE16CDAE0500970FC3 /* ANDmxPacket.h */; };
		4A3D431317139F9900558A80 /* ANPacket.h in CopyFiles */ = {isa = PBXBuildFile; fileRef = 4AC2700C16CDA8F100648C5F /* ANPacket.h */; };
		4A46FA2A1732059A009BE905 /* ANRig.m in Sources */ = {isa = PBXBuildFile; fileRef = 4A46FA291732059A009BE905 /* ANRig.m */; };
		4A46FA2B17320D59009BE905 /* ANRig.h in CopyFiles */ = {isa = PBXBuildFile; fileRef = 4A46FA281732059A009BE905 /* ANRig.h */; };
		4A5683B016CDAE0500970FC3 /* ANDmxPacket.m in Sources */ = {isa = PBXBuildFile; fileRef = 4A5683AF16CDAE0500970FC3 /* ANDmxPacket.m */; };
		4A8729B616D6FC7C00750B6C /* ANController.m in Sources */ = {isa = PBXBuildFile; fileRef = 4A8729B516D6FC7C00750B6C /* ANController.m */; };
		4A8729B716D6FC7C00750B6C /* ANController.m in Sources */ = {isa = PBXBuildFile; fileRef = 4A8729B516D6FC7C00750B6C /* ANController.m */; };
		4A99048016CF240A00EA49BB /* CFNetwork.framework in Frameworks */ = {isa = PBXBuildFile; fileRef = 4A99047F16CF240A00EA49BB /* CFNetwork.framework */; };
		4A99048116CF241400EA49BB /* CFNetwork.framework in Frameworks */ = {isa = PBXBuildFile; fileRef = 4A99047F16CF240A00EA49BB /* CFNetwork.framework */; };
		4A99048316CF245700EA49BB /* Security.framework in Frameworks */ = {isa = PBXBuildFile; fileRef = 4A99048216CF245700EA49BB /* Security.framework */; };
		4A99048416CF246100EA49BB /* Security.framework in Frameworks */ = {isa = PBXBuildFile; fileRef = 4A99048216CF245700EA49BB /* Security.framework */; };
		4A99048616CF24CB00EA49BB /* UIKit.framework in Frameworks */ = {isa = PBXBuildFile; fileRef = 4A99048516CF24CB00EA49BB /* UIKit.framework */; };
		4A99048716CF24D600EA49BB /* UIKit.framework in Frameworks */ = {isa = PBXBuildFile; fileRef = 4A99048516CF24CB00EA49BB /* UIKit.framework */; };
		4A99048816CF268100EA49BB /* DDTTYLogger.m in Sources */ = {isa = PBXBuildFile; fileRef = 4AACDE0116CDE07D0091968F /* DDTTYLogger.m */; settings = {COMPILER_FLAGS = "-Wno-deprecated"; }; };
		4A99048D16CF275700EA49BB /* CoreGraphics.framework in Frameworks */ = {isa = PBXBuildFile; fileRef = 4A99048C16CF275600EA49BB /* CoreGraphics.framework */; };
		4A99048E16CF276100EA49BB /* CoreGraphics.framework in Frameworks */ = {isa = PBXBuildFile; fileRef = 4A99048C16CF275600EA49BB /* CoreGraphics.framework */; };
		4AACDE0816CDE07D0091968F /* .gitignore in Resources */ = {isa = PBXBuildFile; fileRef = 4AACDCCE16CDE07C0091968F /* .gitignore */; };
		4AACDE0916CDE07D0091968F /* CocoaAsyncSocket.podspec in Resources */ = {isa = PBXBuildFile; fileRef = 4AACDCCF16CDE07C0091968F /* CocoaAsyncSocket.podspec */; };
		4AACDE0A16CDE07D0091968F /* Documentation.html in Resources */ = {isa = PBXBuildFile; fileRef = 4AACDCD116CDE07C0091968F /* Documentation.html */; };
		4AACDE0B16CDE07D0091968F /* GCDAsyncSocket.m in Sources */ = {isa = PBXBuildFile; fileRef = 4AACDCD316CDE07C0091968F /* GCDAsyncSocket.m */; };
		4AACDE0C16CDE07D0091968F /* GCDAsyncSocket.m in Sources */ = {isa = PBXBuildFile; fileRef = 4AACDCD316CDE07C0091968F /* GCDAsyncSocket.m */; };
		4AACDE0D16CDE07D0091968F /* GCDAsyncUdpSocket.m in Sources */ = {isa = PBXBuildFile; fileRef = 4AACDCD516CDE07C0091968F /* GCDAsyncUdpSocket.m */; };
		4AACDE0E16CDE07D0091968F /* GCDAsyncUdpSocket.m in Sources */ = {isa = PBXBuildFile; fileRef = 4AACDCD516CDE07C0091968F /* GCDAsyncUdpSocket.m */; };
		4AACDE8316CDE07D0091968F /* README.markdown in Resources */ = {isa = PBXBuildFile; fileRef = 4AACDDB116CDE07D0091968F /* README.markdown */; };
		4AACDE8416CDE07D0091968F /* AsyncSocket.m in Sources */ = {isa = PBXBuildFile; fileRef = 4AACDDB416CDE07D0091968F /* AsyncSocket.m */; };
		4AACDE8516CDE07D0091968F /* AsyncSocket.m in Sources */ = {isa = PBXBuildFile; fileRef = 4AACDDB416CDE07D0091968F /* AsyncSocket.m */; };
		4AACDE8616CDE07D0091968F /* AsyncUdpSocket.m in Sources */ = {isa = PBXBuildFile; fileRef = 4AACDDB616CDE07D0091968F /* AsyncUdpSocket.m */; };
		4AACDE8716CDE07D0091968F /* AsyncUdpSocket.m in Sources */ = {isa = PBXBuildFile; fileRef = 4AACDDB616CDE07D0091968F /* AsyncUdpSocket.m */; };
		4AACDEAB16CDE07D0091968F /* DDAbstractDatabaseLogger.m in Sources */ = {isa = PBXBuildFile; fileRef = 4AACDDF916CDE07D0091968F /* DDAbstractDatabaseLogger.m */; settings = {COMPILER_FLAGS = "-Wno-deprecated"; }; };
		4AACDEAC16CDE07D0091968F /* DDAbstractDatabaseLogger.m in Sources */ = {isa = PBXBuildFile; fileRef = 4AACDDF916CDE07D0091968F /* DDAbstractDatabaseLogger.m */; settings = {COMPILER_FLAGS = "-Wno-deprecated"; }; };
		4AACDEAD16CDE07D0091968F /* DDASLLogger.m in Sources */ = {isa = PBXBuildFile; fileRef = 4AACDDFB16CDE07D0091968F /* DDASLLogger.m */; };
		4AACDEAE16CDE07D0091968F /* DDASLLogger.m in Sources */ = {isa = PBXBuildFile; fileRef = 4AACDDFB16CDE07D0091968F /* DDASLLogger.m */; };
		4AACDEAF16CDE07D0091968F /* DDFileLogger.m in Sources */ = {isa = PBXBuildFile; fileRef = 4AACDDFD16CDE07D0091968F /* DDFileLogger.m */; settings = {COMPILER_FLAGS = "-Wno-deprecated"; }; };
		4AACDEB016CDE07D0091968F /* DDFileLogger.m in Sources */ = {isa = PBXBuildFile; fileRef = 4AACDDFD16CDE07D0091968F /* DDFileLogger.m */; settings = {COMPILER_FLAGS = "-Wno-deprecated"; }; };
		4AACDEB116CDE07D0091968F /* DDLog.m in Sources */ = {isa = PBXBuildFile; fileRef = 4AACDDFF16CDE07D0091968F /* DDLog.m */; settings = {COMPILER_FLAGS = "-Wno-deprecated"; }; };
		4AACDEB216CDE07D0091968F /* DDLog.m in Sources */ = {isa = PBXBuildFile; fileRef = 4AACDDFF16CDE07D0091968F /* DDLog.m */; settings = {COMPILER_FLAGS = "-Wno-deprecated"; }; };
		4AACDEB316CDE07D0091968F /* DDTTYLogger.m in Sources */ = {isa = PBXBuildFile; fileRef = 4AACDE0116CDE07D0091968F /* DDTTYLogger.m */; settings = {COMPILER_FLAGS = "-Wno-deprecated"; }; };
		4AACDEB516CDE07D0091968F /* ContextFilterLogFormatter.m in Sources */ = {isa = PBXBuildFile; fileRef = 4AACDE0416CDE07D0091968F /* ContextFilterLogFormatter.m */; };
		4AACDEB616CDE07D0091968F /* ContextFilterLogFormatter.m in Sources */ = {isa = PBXBuildFile; fileRef = 4AACDE0416CDE07D0091968F /* ContextFilterLogFormatter.m */; };
		4AACDEB716CDE07D0091968F /* DispatchQueueLogFormatter.m in Sources */ = {isa = PBXBuildFile; fileRef = 4AACDE0616CDE07D0091968F /* DispatchQueueLogFormatter.m */; };
		4AACDEB816CDE07D0091968F /* DispatchQueueLogFormatter.m in Sources */ = {isa = PBXBuildFile; fileRef = 4AACDE0616CDE07D0091968F /* DispatchQueueLogFormatter.m */; };
		4AACDEB916CDE07D0091968F /* README.txt in Resources */ = {isa = PBXBuildFile; fileRef = 4AACDE0716CDE07D0091968F /* README.txt */; };
		4AC26FE516CDA89900648C5F /* Foundation.framework in Frameworks */ = {isa = PBXBuildFile; fileRef = 4AC26FE416CDA89900648C5F /* Foundation.framework */; };
		4AC26FEA16CDA89900648C5F /* CocoaArtnet.h in CopyFiles */ = {isa = PBXBuildFile; fileRef = 4AC26FE916CDA89900648C5F /* CocoaArtnet.h */; };
		4AC26FEC16CDA89900648C5F /* CocoaArtnet.m in Sources */ = {isa = PBXBuildFile; fileRef = 4AC26FEB16CDA89900648C5F /* CocoaArtnet.m */; };
		4AC26FF416CDA89900648C5F /* SenTestingKit.framework in Frameworks */ = {isa = PBXBuildFile; fileRef = 4AC26FF316CDA89900648C5F /* SenTestingKit.framework */; };
		4AC26FF716CDA89900648C5F /* Foundation.framework in Frameworks */ = {isa = PBXBuildFile; fileRef = 4AC26FE416CDA89900648C5F /* Foundation.framework */; };
		4AC26FFA16CDA89900648C5F /* libCocoaArtnet.a in Frameworks */ = {isa = PBXBuildFile; fileRef = 4AC26FE116CDA89900648C5F /* libCocoaArtnet.a */; };
		4AC2700016CDA89900648C5F /* InfoPlist.strings in Resources */ = {isa = PBXBuildFile; fileRef = 4AC26FFE16CDA89900648C5F /* InfoPlist.strings */; };
		4AC2700316CDA89900648C5F /* CocoaArtnetTests.m in Sources */ = {isa = PBXBuildFile; fileRef = 4AC2700216CDA89900648C5F /* CocoaArtnetTests.m */; };
		4AC2700E16CDA8F100648C5F /* ANPacket.m in Sources */ = {isa = PBXBuildFile; fileRef = 4AC2700D16CDA8F100648C5F /* ANPacket.m */; };
		4AE4371416DC47F1003B792D /* ANFixture.m in Sources */ = {isa = PBXBuildFile; fileRef = 4AE4371316DC47F1003B792D /* ANFixture.m */; };
		4AE4381E16DC4DD0003B792D /* libYACYAML.a in Frameworks */ = {isa = PBXBuildFile; fileRef = 4AE4381716DC4D9E003B792D /* libYACYAML.a */; };
		4AE4382016DC4DEA003B792D /* libresolv.dylib in Frameworks */ = {isa = PBXBuildFile; fileRef = 4AE4381F16DC4DEA003B792D /* libresolv.dylib */; };
		4AE4383116DC5AD2003B792D /* libresolv.dylib in Frameworks */ = {isa = PBXBuildFile; fileRef = 4AE4381F16DC4DEA003B792D /* libresolv.dylib */; };
/* End PBXBuildFile section */

/* Begin PBXContainerItemProxy section */
		4AC26FF816CDA89900648C5F /* PBXContainerItemProxy */ = {
			isa = PBXContainerItemProxy;
			containerPortal = 4AC26FD916CDA89900648C5F /* Project object */;
			proxyType = 1;
			remoteGlobalIDString = 4AC26FE016CDA89900648C5F;
			remoteInfo = CocoaArtnet;
		};
		4AE4381616DC4D9E003B792D /* PBXContainerItemProxy */ = {
			isa = PBXContainerItemProxy;
			containerPortal = 4AE4381016DC4D9E003B792D /* YACYAML.xcodeproj */;
			proxyType = 2;
			remoteGlobalIDString = 7DDC030E156541F8001832F5;
			remoteInfo = YACYAML;
		};
		4AE4381816DC4D9E003B792D /* PBXContainerItemProxy */ = {
			isa = PBXContainerItemProxy;
			containerPortal = 4AE4381016DC4D9E003B792D /* YACYAML.xcodeproj */;
			proxyType = 2;
			remoteGlobalIDString = 7DDC031E156541F8001832F5;
			remoteInfo = YACYAMLTests;
		};
		4AE4381A16DC4D9E003B792D /* PBXContainerItemProxy */ = {
			isa = PBXContainerItemProxy;
			containerPortal = 4AE4381016DC4D9E003B792D /* YACYAML.xcodeproj */;
			proxyType = 2;
			remoteGlobalIDString = 7DE3E3AC15654430006663D2;
			remoteInfo = libYAML;
		};
		4AE4381C16DC4DBE003B792D /* PBXContainerItemProxy */ = {
			isa = PBXContainerItemProxy;
			containerPortal = 4AE4381016DC4D9E003B792D /* YACYAML.xcodeproj */;
			proxyType = 1;
			remoteGlobalIDString = 7DDC030D156541F8001832F5;
			remoteInfo = YACYAML;
		};
/* End PBXContainerItemProxy section */

/* Begin PBXCopyFilesBuildPhase section */
		4AC26FDF16CDA89900648C5F /* CopyFiles */ = {
			isa = PBXCopyFilesBuildPhase;
			buildActionMask = 2147483647;
			dstPath = "include/${PRODUCT_NAME}";
			dstSubfolderSpec = 16;
			files = (
				4A3D431017139F9900558A80 /* ANFixture.h in CopyFiles */,
				4A3D431117139F9900558A80 /* ANController.h in CopyFiles */,
				4A3D431217139F9900558A80 /* ANDmxPacket.h in CopyFiles */,
				4A46FA2B17320D59009BE905 /* ANRig.h in CopyFiles */,
				4A3D431317139F9900558A80 /* ANPacket.h in CopyFiles */,
				4AC26FEA16CDA89900648C5F /* CocoaArtnet.h in CopyFiles */,
			);
			runOnlyForDeploymentPostprocessing = 0;
		};
/* End PBXCopyFilesBuildPhase section */

/* Begin PBXFileReference section */
		4A46FA281732059A009BE905 /* ANRig.h */ = {isa = PBXFileReference; fileEncoding = 4; lastKnownFileType = sourcecode.c.h; path = ANRig.h; sourceTree = "<group>"; };
		4A46FA291732059A009BE905 /* ANRig.m */ = {isa = PBXFileReference; fileEncoding = 4; lastKnownFileType = sourcecode.c.objc; path = ANRig.m; sourceTree = "<group>"; };
		4A5683AE16CDAE0500970FC3 /* ANDmxPacket.h */ = {isa = PBXFileReference; fileEncoding = 4; lastKnownFileType = sourcecode.c.h; path = ANDmxPacket.h; sourceTree = "<group>"; };
		4A5683AF16CDAE0500970FC3 /* ANDmxPacket.m */ = {isa = PBXFileReference; fileEncoding = 4; lastKnownFileType = sourcecode.c.objc; path = ANDmxPacket.m; sourceTree = "<group>"; };
		4A8729B416D6FC7C00750B6C /* ANController.h */ = {isa = PBXFileReference; fileEncoding = 4; lastKnownFileType = sourcecode.c.h; path = ANController.h; sourceTree = "<group>"; };
		4A8729B516D6FC7C00750B6C /* ANController.m */ = {isa = PBXFileReference; fileEncoding = 4; lastKnownFileType = sourcecode.c.objc; path = ANController.m; sourceTree = "<group>"; };
		4A99047F16CF240A00EA49BB /* CFNetwork.framework */ = {isa = PBXFileReference; lastKnownFileType = wrapper.framework; name = CFNetwork.framework; path = System/Library/Frameworks/CFNetwork.framework; sourceTree = SDKROOT; };
		4A99048216CF245700EA49BB /* Security.framework */ = {isa = PBXFileReference; lastKnownFileType = wrapper.framework; name = Security.framework; path = System/Library/Frameworks/Security.framework; sourceTree = SDKROOT; };
		4A99048516CF24CB00EA49BB /* UIKit.framework */ = {isa = PBXFileReference; lastKnownFileType = wrapper.framework; name = UIKit.framework; path = System/Library/Frameworks/UIKit.framework; sourceTree = SDKROOT; };
		4A99048916CF269600EA49BB /* AVFoundation.framework */ = {isa = PBXFileReference; lastKnownFileType = wrapper.framework; name = AVFoundation.framework; path = System/Library/Frameworks/AVFoundation.framework; sourceTree = SDKROOT; };
		4A99048C16CF275600EA49BB /* CoreGraphics.framework */ = {isa = PBXFileReference; lastKnownFileType = wrapper.framework; name = CoreGraphics.framework; path = System/Library/Frameworks/CoreGraphics.framework; sourceTree = SDKROOT; };
		4AACDCCE16CDE07C0091968F /* .gitignore */ = {isa = PBXFileReference; fileEncoding = 4; lastKnownFileType = text; path = .gitignore; sourceTree = "<group>"; };
		4AACDCCF16CDE07C0091968F /* CocoaAsyncSocket.podspec */ = {isa = PBXFileReference; fileEncoding = 4; lastKnownFileType = text; path = CocoaAsyncSocket.podspec; sourceTree = "<group>"; };
		4AACDCD116CDE07C0091968F /* Documentation.html */ = {isa = PBXFileReference; fileEncoding = 4; lastKnownFileType = text.html; path = Documentation.html; sourceTree = "<group>"; };
		4AACDCD216CDE07C0091968F /* GCDAsyncSocket.h */ = {isa = PBXFileReference; fileEncoding = 4; lastKnownFileType = sourcecode.c.h; path = GCDAsyncSocket.h; sourceTree = "<group>"; };
		4AACDCD316CDE07C0091968F /* GCDAsyncSocket.m */ = {isa = PBXFileReference; fileEncoding = 4; lastKnownFileType = sourcecode.c.objc; path = GCDAsyncSocket.m; sourceTree = "<group>"; };
		4AACDCD416CDE07C0091968F /* GCDAsyncUdpSocket.h */ = {isa = PBXFileReference; fileEncoding = 4; lastKnownFileType = sourcecode.c.h; path = GCDAsyncUdpSocket.h; sourceTree = "<group>"; };
		4AACDCD516CDE07C0091968F /* GCDAsyncUdpSocket.m */ = {isa = PBXFileReference; fileEncoding = 4; lastKnownFileType = sourcecode.c.objc; path = GCDAsyncUdpSocket.m; sourceTree = "<group>"; };
		4AACDDB116CDE07D0091968F /* README.markdown */ = {isa = PBXFileReference; fileEncoding = 4; lastKnownFileType = text; path = README.markdown; sourceTree = "<group>"; };
		4AACDDB316CDE07D0091968F /* AsyncSocket.h */ = {isa = PBXFileReference; fileEncoding = 4; lastKnownFileType = sourcecode.c.h; path = AsyncSocket.h; sourceTree = "<group>"; };
		4AACDDB416CDE07D0091968F /* AsyncSocket.m */ = {isa = PBXFileReference; fileEncoding = 4; lastKnownFileType = sourcecode.c.objc; path = AsyncSocket.m; sourceTree = "<group>"; };
		4AACDDB516CDE07D0091968F /* AsyncUdpSocket.h */ = {isa = PBXFileReference; fileEncoding = 4; lastKnownFileType = sourcecode.c.h; path = AsyncUdpSocket.h; sourceTree = "<group>"; };
		4AACDDB616CDE07D0091968F /* AsyncUdpSocket.m */ = {isa = PBXFileReference; fileEncoding = 4; lastKnownFileType = sourcecode.c.objc; path = AsyncUdpSocket.m; sourceTree = "<group>"; };
		4AACDDB716CDE07D0091968F /* Documentation.html */ = {isa = PBXFileReference; fileEncoding = 4; lastKnownFileType = text.html; path = Documentation.html; sourceTree = "<group>"; };
		4AACDDF816CDE07D0091968F /* DDAbstractDatabaseLogger.h */ = {isa = PBXFileReference; fileEncoding = 4; lastKnownFileType = sourcecode.c.h; path = DDAbstractDatabaseLogger.h; sourceTree = "<group>"; };
		4AACDDF916CDE07D0091968F /* DDAbstractDatabaseLogger.m */ = {isa = PBXFileReference; fileEncoding = 4; lastKnownFileType = sourcecode.c.objc; path = DDAbstractDatabaseLogger.m; sourceTree = "<group>"; };
		4AACDDFA16CDE07D0091968F /* DDASLLogger.h */ = {isa = PBXFileReference; fileEncoding = 4; lastKnownFileType = sourcecode.c.h; path = DDASLLogger.h; sourceTree = "<group>"; };
		4AACDDFB16CDE07D0091968F /* DDASLLogger.m */ = {isa = PBXFileReference; fileEncoding = 4; lastKnownFileType = sourcecode.c.objc; path = DDASLLogger.m; sourceTree = "<group>"; };
		4AACDDFC16CDE07D0091968F /* DDFileLogger.h */ = {isa = PBXFileReference; fileEncoding = 4; lastKnownFileType = sourcecode.c.h; path = DDFileLogger.h; sourceTree = "<group>"; };
		4AACDDFD16CDE07D0091968F /* DDFileLogger.m */ = {isa = PBXFileReference; fileEncoding = 4; lastKnownFileType = sourcecode.c.objc; path = DDFileLogger.m; sourceTree = "<group>"; };
		4AACDDFE16CDE07D0091968F /* DDLog.h */ = {isa = PBXFileReference; fileEncoding = 4; lastKnownFileType = sourcecode.c.h; path = DDLog.h; sourceTree = "<group>"; };
		4AACDDFF16CDE07D0091968F /* DDLog.m */ = {isa = PBXFileReference; fileEncoding = 4; lastKnownFileType = sourcecode.c.objc; path = DDLog.m; sourceTree = "<group>"; };
		4AACDE0016CDE07D0091968F /* DDTTYLogger.h */ = {isa = PBXFileReference; fileEncoding = 4; lastKnownFileType = sourcecode.c.h; path = DDTTYLogger.h; sourceTree = "<group>"; };
		4AACDE0116CDE07D0091968F /* DDTTYLogger.m */ = {isa = PBXFileReference; fileEncoding = 4; lastKnownFileType = sourcecode.c.objc; path = DDTTYLogger.m; sourceTree = "<group>"; };
		4AACDE0316CDE07D0091968F /* ContextFilterLogFormatter.h */ = {isa = PBXFileReference; fileEncoding = 4; lastKnownFileType = sourcecode.c.h; path = ContextFilterLogFormatter.h; sourceTree = "<group>"; };
		4AACDE0416CDE07D0091968F /* ContextFilterLogFormatter.m */ = {isa = PBXFileReference; fileEncoding = 4; lastKnownFileType = sourcecode.c.objc; path = ContextFilterLogFormatter.m; sourceTree = "<group>"; };
		4AACDE0516CDE07D0091968F /* DispatchQueueLogFormatter.h */ = {isa = PBXFileReference; fileEncoding = 4; lastKnownFileType = sourcecode.c.h; path = DispatchQueueLogFormatter.h; sourceTree = "<group>"; };
		4AACDE0616CDE07D0091968F /* DispatchQueueLogFormatter.m */ = {isa = PBXFileReference; fileEncoding = 4; lastKnownFileType = sourcecode.c.objc; path = DispatchQueueLogFormatter.m; sourceTree = "<group>"; };
		4AACDE0716CDE07D0091968F /* README.txt */ = {isa = PBXFileReference; fileEncoding = 4; lastKnownFileType = text; path = README.txt; sourceTree = "<group>"; };
		4AC26FE116CDA89900648C5F /* libCocoaArtnet.a */ = {isa = PBXFileReference; explicitFileType = archive.ar; includeInIndex = 0; path = libCocoaArtnet.a; sourceTree = BUILT_PRODUCTS_DIR; };
		4AC26FE416CDA89900648C5F /* Foundation.framework */ = {isa = PBXFileReference; lastKnownFileType = wrapper.framework; name = Foundation.framework; path = System/Library/Frameworks/Foundation.framework; sourceTree = SDKROOT; };
		4AC26FE816CDA89900648C5F /* CocoaArtnet-Prefix.pch */ = {isa = PBXFileReference; lastKnownFileType = sourcecode.c.h; path = "CocoaArtnet-Prefix.pch"; sourceTree = "<group>"; };
		4AC26FE916CDA89900648C5F /* CocoaArtnet.h */ = {isa = PBXFileReference; lastKnownFileType = sourcecode.c.h; path = CocoaArtnet.h; sourceTree = "<group>"; };
		4AC26FEB16CDA89900648C5F /* CocoaArtnet.m */ = {isa = PBXFileReference; lastKnownFileType = sourcecode.c.objc; path = CocoaArtnet.m; sourceTree = "<group>"; };
		4AC26FF216CDA89900648C5F /* CocoaArtnetTests.octest */ = {isa = PBXFileReference; explicitFileType = wrapper.cfbundle; includeInIndex = 0; path = CocoaArtnetTests.octest; sourceTree = BUILT_PRODUCTS_DIR; };
		4AC26FF316CDA89900648C5F /* SenTestingKit.framework */ = {isa = PBXFileReference; lastKnownFileType = wrapper.framework; name = SenTestingKit.framework; path = Library/Frameworks/SenTestingKit.framework; sourceTree = DEVELOPER_DIR; };
		4AC26FFD16CDA89900648C5F /* CocoaArtnetTests-Info.plist */ = {isa = PBXFileReference; lastKnownFileType = text.plist.xml; path = "CocoaArtnetTests-Info.plist"; sourceTree = "<group>"; };
		4AC26FFF16CDA89900648C5F /* en */ = {isa = PBXFileReference; lastKnownFileType = text.plist.strings; name = en; path = en.lproj/InfoPlist.strings; sourceTree = "<group>"; };
		4AC2700116CDA89900648C5F /* CocoaArtnetTests.h */ = {isa = PBXFileReference; lastKnownFileType = sourcecode.c.h; path = CocoaArtnetTests.h; sourceTree = "<group>"; };
		4AC2700216CDA89900648C5F /* CocoaArtnetTests.m */ = {isa = PBXFileReference; lastKnownFileType = sourcecode.c.objc; path = CocoaArtnetTests.m; sourceTree = "<group>"; };
		4AC2700C16CDA8F100648C5F /* ANPacket.h */ = {isa = PBXFileReference; fileEncoding = 4; lastKnownFileType = sourcecode.c.h; path = ANPacket.h; sourceTree = "<group>"; };
		4AC2700D16CDA8F100648C5F /* ANPacket.m */ = {isa = PBXFileReference; fileEncoding = 4; lastKnownFileType = sourcecode.c.objc; path = ANPacket.m; sourceTree = "<group>"; };
		4AE4371216DC47F1003B792D /* ANFixture.h */ = {isa = PBXFileReference; fileEncoding = 4; lastKnownFileType = sourcecode.c.h; path = ANFixture.h; sourceTree = "<group>"; };
		4AE4371316DC47F1003B792D /* ANFixture.m */ = {isa = PBXFileReference; fileEncoding = 4; lastKnownFileType = sourcecode.c.objc; path = ANFixture.m; sourceTree = "<group>"; };
		4AE4381016DC4D9E003B792D /* YACYAML.xcodeproj */ = {isa = PBXFileReference; lastKnownFileType = "wrapper.pb-project"; name = YACYAML.xcodeproj; path = YACYAML/YACYAML.xcodeproj; sourceTree = "<group>"; };
		4AE4381F16DC4DEA003B792D /* libresolv.dylib */ = {isa = PBXFileReference; lastKnownFileType = "compiled.mach-o.dylib"; name = libresolv.dylib; path = usr/lib/libresolv.dylib; sourceTree = SDKROOT; };
/* End PBXFileReference section */

/* Begin PBXFrameworksBuildPhase section */
		4AC26FDE16CDA89900648C5F /* Frameworks */ = {
			isa = PBXFrameworksBuildPhase;
			buildActionMask = 2147483647;
			files = (
				4A99048E16CF276100EA49BB /* CoreGraphics.framework in Frameworks */,
				4A99048616CF24CB00EA49BB /* UIKit.framework in Frameworks */,
				4A99048416CF246100EA49BB /* Security.framework in Frameworks */,
				4A99048016CF240A00EA49BB /* CFNetwork.framework in Frameworks */,
				4AC26FE516CDA89900648C5F /* Foundation.framework in Frameworks */,
				4AE4382016DC4DEA003B792D /* libresolv.dylib in Frameworks */,
				4AE4381E16DC4DD0003B792D /* libYACYAML.a in Frameworks */,
			);
			runOnlyForDeploymentPostprocessing = 0;
		};
		4AC26FEE16CDA89900648C5F /* Frameworks */ = {
			isa = PBXFrameworksBuildPhase;
			buildActionMask = 2147483647;
			files = (
				4AE4383116DC5AD2003B792D /* libresolv.dylib in Frameworks */,
				4AC26FFA16CDA89900648C5F /* libCocoaArtnet.a in Frameworks */,
				4A99048D16CF275700EA49BB /* CoreGraphics.framework in Frameworks */,
				4A99048716CF24D600EA49BB /* UIKit.framework in Frameworks */,
				4A99048316CF245700EA49BB /* Security.framework in Frameworks */,
				4A99048116CF241400EA49BB /* CFNetwork.framework in Frameworks */,
				4AC26FF416CDA89900648C5F /* SenTestingKit.framework in Frameworks */,
				4AC26FF716CDA89900648C5F /* Foundation.framework in Frameworks */,
			);
			runOnlyForDeploymentPostprocessing = 0;
		};
/* End PBXFrameworksBuildPhase section */

/* Begin PBXGroup section */
		4AACDCCD16CDE07C0091968F /* CocoaAsyncSocket */ = {
			isa = PBXGroup;
			children = (
				4AACDCCE16CDE07C0091968F /* .gitignore */,
				4AACDCCF16CDE07C0091968F /* CocoaAsyncSocket.podspec */,
				4AACDCD016CDE07C0091968F /* GCD */,
				4AACDDB116CDE07D0091968F /* README.markdown */,
				4AACDDB216CDE07D0091968F /* RunLoop */,
				4AACDDF616CDE07D0091968F /* Vendor */,
			);
			path = CocoaAsyncSocket;
			sourceTree = "<group>";
		};
		4AACDCD016CDE07C0091968F /* GCD */ = {
			isa = PBXGroup;
			children = (
				4AACDCD116CDE07C0091968F /* Documentation.html */,
				4AACDCD216CDE07C0091968F /* GCDAsyncSocket.h */,
				4AACDCD316CDE07C0091968F /* GCDAsyncSocket.m */,
				4AACDCD416CDE07C0091968F /* GCDAsyncUdpSocket.h */,
				4AACDCD516CDE07C0091968F /* GCDAsyncUdpSocket.m */,
			);
			path = GCD;
			sourceTree = "<group>";
		};
		4AACDDB216CDE07D0091968F /* RunLoop */ = {
			isa = PBXGroup;
			children = (
				4AACDDB716CDE07D0091968F /* Documentation.html */,
				4AACDDB316CDE07D0091968F /* AsyncSocket.h */,
				4AACDDB416CDE07D0091968F /* AsyncSocket.m */,
				4AACDDB516CDE07D0091968F /* AsyncUdpSocket.h */,
				4AACDDB616CDE07D0091968F /* AsyncUdpSocket.m */,
			);
			path = RunLoop;
			sourceTree = "<group>";
		};
		4AACDDF616CDE07D0091968F /* Vendor */ = {
			isa = PBXGroup;
			children = (
				4AACDDF716CDE07D0091968F /* CocoaLumberjack */,
			);
			path = Vendor;
			sourceTree = "<group>";
		};
		4AACDDF716CDE07D0091968F /* CocoaLumberjack */ = {
			isa = PBXGroup;
			children = (
				4AACDDF816CDE07D0091968F /* DDAbstractDatabaseLogger.h */,
				4AACDDF916CDE07D0091968F /* DDAbstractDatabaseLogger.m */,
				4AACDDFA16CDE07D0091968F /* DDASLLogger.h */,
				4AACDDFB16CDE07D0091968F /* DDASLLogger.m */,
				4AACDDFC16CDE07D0091968F /* DDFileLogger.h */,
				4AACDDFD16CDE07D0091968F /* DDFileLogger.m */,
				4AACDDFE16CDE07D0091968F /* DDLog.h */,
				4AACDDFF16CDE07D0091968F /* DDLog.m */,
				4AACDE0016CDE07D0091968F /* DDTTYLogger.h */,
				4AACDE0116CDE07D0091968F /* DDTTYLogger.m */,
				4AACDE0216CDE07D0091968F /* Extensions */,
			);
			path = CocoaLumberjack;
			sourceTree = "<group>";
		};
		4AACDE0216CDE07D0091968F /* Extensions */ = {
			isa = PBXGroup;
			children = (
				4AACDE0316CDE07D0091968F /* ContextFilterLogFormatter.h */,
				4AACDE0416CDE07D0091968F /* ContextFilterLogFormatter.m */,
				4AACDE0516CDE07D0091968F /* DispatchQueueLogFormatter.h */,
				4AACDE0616CDE07D0091968F /* DispatchQueueLogFormatter.m */,
				4AACDE0716CDE07D0091968F /* README.txt */,
			);
			path = Extensions;
			sourceTree = "<group>";
		};
		4AC26FD816CDA89900648C5F = {
			isa = PBXGroup;
			children = (
				4AE4381016DC4D9E003B792D /* YACYAML.xcodeproj */,
				4AC26FE616CDA89900648C5F /* CocoaArtnet */,
				4AC26FFB16CDA89900648C5F /* CocoaArtnetTests */,
				4AACDCCD16CDE07C0091968F /* CocoaAsyncSocket */,
				4AC26FE316CDA89900648C5F /* Frameworks */,
				4AC26FE216CDA89900648C5F /* Products */,
			);
			sourceTree = "<group>";
		};
		4AC26FE216CDA89900648C5F /* Products */ = {
			isa = PBXGroup;
			children = (
				4AC26FE116CDA89900648C5F /* libCocoaArtnet.a */,
				4AC26FF216CDA89900648C5F /* CocoaArtnetTests.octest */,
			);
			name = Products;
			sourceTree = "<group>";
		};
		4AC26FE316CDA89900648C5F /* Frameworks */ = {
			isa = PBXGroup;
			children = (
				4AE4381F16DC4DEA003B792D /* libresolv.dylib */,
				4A99048C16CF275600EA49BB /* CoreGraphics.framework */,
				4A99048916CF269600EA49BB /* AVFoundation.framework */,
				4A99048516CF24CB00EA49BB /* UIKit.framework */,
				4A99048216CF245700EA49BB /* Security.framework */,
				4A99047F16CF240A00EA49BB /* CFNetwork.framework */,
				4AC26FE416CDA89900648C5F /* Foundation.framework */,
				4AC26FF316CDA89900648C5F /* SenTestingKit.framework */,
			);
			name = Frameworks;
			sourceTree = "<group>";
		};
		4AC26FE616CDA89900648C5F /* CocoaArtnet */ = {
			isa = PBXGroup;
			children = (
				4AC26FE716CDA89900648C5F /* Supporting Files */,
				4AC26FE916CDA89900648C5F /* CocoaArtnet.h */,
				4AC26FEB16CDA89900648C5F /* CocoaArtnet.m */,
				4AE4371216DC47F1003B792D /* ANFixture.h */,
				4AE4371316DC47F1003B792D /* ANFixture.m */,
				4A46FA281732059A009BE905 /* ANRig.h */,
				4A46FA291732059A009BE905 /* ANRig.m */,
				4A8729B416D6FC7C00750B6C /* ANController.h */,
				4A8729B516D6FC7C00750B6C /* ANController.m */,
				4A5683AE16CDAE0500970FC3 /* ANDmxPacket.h */,
				4A5683AF16CDAE0500970FC3 /* ANDmxPacket.m */,
				4AC2700C16CDA8F100648C5F /* ANPacket.h */,
				4AC2700D16CDA8F100648C5F /* ANPacket.m */,
			);
			path = CocoaArtnet;
			sourceTree = "<group>";
		};
		4AC26FE716CDA89900648C5F /* Supporting Files */ = {
			isa = PBXGroup;
			children = (
				4AC26FE816CDA89900648C5F /* CocoaArtnet-Prefix.pch */,
			);
			name = "Supporting Files";
			sourceTree = "<group>";
		};
		4AC26FFB16CDA89900648C5F /* CocoaArtnetTests */ = {
			isa = PBXGroup;
			children = (
				4AC26FFC16CDA89900648C5F /* Supporting Files */,
				4AC2700116CDA89900648C5F /* CocoaArtnetTests.h */,
				4AC2700216CDA89900648C5F /* CocoaArtnetTests.m */,
			);
			path = CocoaArtnetTests;
			sourceTree = "<group>";
		};
		4AC26FFC16CDA89900648C5F /* Supporting Files */ = {
			isa = PBXGroup;
			children = (
				4AC26FFD16CDA89900648C5F /* CocoaArtnetTests-Info.plist */,
				4AC26FFE16CDA89900648C5F /* InfoPlist.strings */,
			);
			name = "Supporting Files";
			sourceTree = "<group>";
		};
		4AE4381116DC4D9E003B792D /* Products */ = {
			isa = PBXGroup;
			children = (
				4AE4381716DC4D9E003B792D /* libYACYAML.a */,
				4AE4381916DC4D9E003B792D /* YACYAMLTests.octest */,
				4AE4381B16DC4D9E003B792D /* libYAML.a */,
			);
			name = Products;
			sourceTree = "<group>";
		};
/* End PBXGroup section */

/* Begin PBXNativeTarget section */
		4AC26FE016CDA89900648C5F /* CocoaArtnet */ = {
			isa = PBXNativeTarget;
			buildConfigurationList = 4AC2700616CDA89900648C5F /* Build configuration list for PBXNativeTarget "CocoaArtnet" */;
			buildPhases = (
				4AC26FDD16CDA89900648C5F /* Sources */,
				4AC26FDE16CDA89900648C5F /* Frameworks */,
				4AC26FDF16CDA89900648C5F /* CopyFiles */,
			);
			buildRules = (
			);
			dependencies = (
				4AE4381D16DC4DBE003B792D /* PBXTargetDependency */,
			);
			name = CocoaArtnet;
			productName = CocoaArtnet;
			productReference = 4AC26FE116CDA89900648C5F /* libCocoaArtnet.a */;
			productType = "com.apple.product-type.library.static";
		};
		4AC26FF116CDA89900648C5F /* CocoaArtnetTests */ = {
			isa = PBXNativeTarget;
			buildConfigurationList = 4AC2700916CDA89900648C5F /* Build configuration list for PBXNativeTarget "CocoaArtnetTests" */;
			buildPhases = (
				4AC26FED16CDA89900648C5F /* Sources */,
				4AC26FEE16CDA89900648C5F /* Frameworks */,
				4AC26FEF16CDA89900648C5F /* Resources */,
				4AC26FF016CDA89900648C5F /* ShellScript */,
			);
			buildRules = (
			);
			dependencies = (
				4AC26FF916CDA89900648C5F /* PBXTargetDependency */,
			);
			name = CocoaArtnetTests;
			productName = CocoaArtnetTests;
			productReference = 4AC26FF216CDA89900648C5F /* CocoaArtnetTests.octest */;
			productType = "com.apple.product-type.bundle";
		};
/* End PBXNativeTarget section */

/* Begin PBXProject section */
		4AC26FD916CDA89900648C5F /* Project object */ = {
			isa = PBXProject;
			attributes = {
				LastUpgradeCheck = 0460;
				ORGANIZATIONNAME = "Phil Christensen";
			};
			buildConfigurationList = 4AC26FDC16CDA89900648C5F /* Build configuration list for PBXProject "CocoaArtnet" */;
			compatibilityVersion = "Xcode 3.2";
			developmentRegion = English;
			hasScannedForEncodings = 0;
			knownRegions = (
				en,
				English,
			);
			mainGroup = 4AC26FD816CDA89900648C5F;
			productRefGroup = 4AC26FE216CDA89900648C5F /* Products */;
			projectDirPath = "";
			projectReferences = (
				{
					ProductGroup = 4AE4381116DC4D9E003B792D /* Products */;
					ProjectRef = 4AE4381016DC4D9E003B792D /* YACYAML.xcodeproj */;
				},
			);
			projectRoot = "";
			targets = (
				4AC26FE016CDA89900648C5F /* CocoaArtnet */,
				4AC26FF116CDA89900648C5F /* CocoaArtnetTests */,
			);
		};
/* End PBXProject section */

/* Begin PBXReferenceProxy section */
		4AE4381716DC4D9E003B792D /* libYACYAML.a */ = {
			isa = PBXReferenceProxy;
			fileType = archive.ar;
			path = libYACYAML.a;
			remoteRef = 4AE4381616DC4D9E003B792D /* PBXContainerItemProxy */;
			sourceTree = BUILT_PRODUCTS_DIR;
		};
		4AE4381916DC4D9E003B792D /* YACYAMLTests.octest */ = {
			isa = PBXReferenceProxy;
			fileType = wrapper.cfbundle;
			path = YACYAMLTests.octest;
			remoteRef = 4AE4381816DC4D9E003B792D /* PBXContainerItemProxy */;
			sourceTree = BUILT_PRODUCTS_DIR;
		};
		4AE4381B16DC4D9E003B792D /* libYAML.a */ = {
			isa = PBXReferenceProxy;
			fileType = archive.ar;
			path = libYAML.a;
			remoteRef = 4AE4381A16DC4D9E003B792D /* PBXContainerItemProxy */;
			sourceTree = BUILT_PRODUCTS_DIR;
		};
/* End PBXReferenceProxy section */

/* Begin PBXResourcesBuildPhase section */
		4AC26FEF16CDA89900648C5F /* Resources */ = {
			isa = PBXResourcesBuildPhase;
			buildActionMask = 2147483647;
			files = (
				4AC2700016CDA89900648C5F /* InfoPlist.strings in Resources */,
				4AACDE0816CDE07D0091968F /* .gitignore in Resources */,
				4AACDE0916CDE07D0091968F /* CocoaAsyncSocket.podspec in Resources */,
				4AACDE0A16CDE07D0091968F /* Documentation.html in Resources */,
				4AACDE8316CDE07D0091968F /* README.markdown in Resources */,
				4AACDEB916CDE07D0091968F /* README.txt in Resources */,
			);
			runOnlyForDeploymentPostprocessing = 0;
		};
/* End PBXResourcesBuildPhase section */

/* Begin PBXShellScriptBuildPhase section */
		4AC26FF016CDA89900648C5F /* ShellScript */ = {
			isa = PBXShellScriptBuildPhase;
			buildActionMask = 2147483647;
			files = (
			);
			inputPaths = (
			);
			outputPaths = (
			);
			runOnlyForDeploymentPostprocessing = 0;
			shellPath = /bin/sh;
			shellScript = "# Run the unit tests in this test bundle.\n\"${SYSTEM_DEVELOPER_DIR}/Tools/RunUnitTests\"\n";
		};
/* End PBXShellScriptBuildPhase section */

/* Begin PBXSourcesBuildPhase section */
		4AC26FDD16CDA89900648C5F /* Sources */ = {
			isa = PBXSourcesBuildPhase;
			buildActionMask = 2147483647;
			files = (
				4AC26FEC16CDA89900648C5F /* CocoaArtnet.m in Sources */,
				4AC2700E16CDA8F100648C5F /* ANPacket.m in Sources */,
				4A5683B016CDAE0500970FC3 /* ANDmxPacket.m in Sources */,
				4AACDE0B16CDE07D0091968F /* GCDAsyncSocket.m in Sources */,
				4AACDE0D16CDE07D0091968F /* GCDAsyncUdpSocket.m in Sources */,
				4AACDE8416CDE07D0091968F /* AsyncSocket.m in Sources */,
				4AACDE8616CDE07D0091968F /* AsyncUdpSocket.m in Sources */,
				4AACDEAB16CDE07D0091968F /* DDAbstractDatabaseLogger.m in Sources */,
				4AACDEAD16CDE07D0091968F /* DDASLLogger.m in Sources */,
				4AACDEAF16CDE07D0091968F /* DDFileLogger.m in Sources */,
				4AACDEB116CDE07D0091968F /* DDLog.m in Sources */,
				4AACDEB316CDE07D0091968F /* DDTTYLogger.m in Sources */,
				4AACDEB516CDE07D0091968F /* ContextFilterLogFormatter.m in Sources */,
				4AACDEB716CDE07D0091968F /* DispatchQueueLogFormatter.m in Sources */,
				4A8729B616D6FC7C00750B6C /* ANController.m in Sources */,
				4AE4371416DC47F1003B792D /* ANFixture.m in Sources */,
				4A46FA2A1732059A009BE905 /* ANRig.m in Sources */,
			);
			runOnlyForDeploymentPostprocessing = 0;
		};
		4AC26FED16CDA89900648C5F /* Sources */ = {
			isa = PBXSourcesBuildPhase;
			buildActionMask = 2147483647;
			files = (
				4AC2700316CDA89900648C5F /* CocoaArtnetTests.m in Sources */,
				4AACDE0C16CDE07D0091968F /* GCDAsyncSocket.m in Sources */,
				4AACDE0E16CDE07D0091968F /* GCDAsyncUdpSocket.m in Sources */,
				4AACDE8516CDE07D0091968F /* AsyncSocket.m in Sources */,
				4AACDE8716CDE07D0091968F /* AsyncUdpSocket.m in Sources */,
				4AACDEAC16CDE07D0091968F /* DDAbstractDatabaseLogger.m in Sources */,
				4AACDEAE16CDE07D0091968F /* DDASLLogger.m in Sources */,
				4AACDEB016CDE07D0091968F /* DDFileLogger.m in Sources */,
				4AACDEB216CDE07D0091968F /* DDLog.m in Sources */,
				4A99048816CF268100EA49BB /* DDTTYLogger.m in Sources */,
				4AACDEB616CDE07D0091968F /* ContextFilterLogFormatter.m in Sources */,
				4AACDEB816CDE07D0091968F /* DispatchQueueLogFormatter.m in Sources */,
				4A8729B716D6FC7C00750B6C /* ANController.m in Sources */,
			);
			runOnlyForDeploymentPostprocessing = 0;
		};
/* End PBXSourcesBuildPhase section */

/* Begin PBXTargetDependency section */
		4AC26FF916CDA89900648C5F /* PBXTargetDependency */ = {
			isa = PBXTargetDependency;
			target = 4AC26FE016CDA89900648C5F /* CocoaArtnet */;
			targetProxy = 4AC26FF816CDA89900648C5F /* PBXContainerItemProxy */;
		};
		4AE4381D16DC4DBE003B792D /* PBXTargetDependency */ = {
			isa = PBXTargetDependency;
			name = YACYAML;
			targetProxy = 4AE4381C16DC4DBE003B792D /* PBXContainerItemProxy */;
		};
/* End PBXTargetDependency section */

/* Begin PBXVariantGroup section */
		4AC26FFE16CDA89900648C5F /* InfoPlist.strings */ = {
			isa = PBXVariantGroup;
			children = (
				4AC26FFF16CDA89900648C5F /* en */,
			);
			name = InfoPlist.strings;
			sourceTree = "<group>";
		};
/* End PBXVariantGroup section */

/* Begin XCBuildConfiguration section */
		4AC2700416CDA89900648C5F /* Debug */ = {
			isa = XCBuildConfiguration;
			buildSettings = {
				ALWAYS_SEARCH_USER_PATHS = NO;
				CLANG_CXX_LANGUAGE_STANDARD = "gnu++0x";
				CLANG_CXX_LIBRARY = "libc++";
				CLANG_ENABLE_OBJC_ARC = YES;
				CLANG_WARN_CONSTANT_CONVERSION = YES;
				CLANG_WARN_EMPTY_BODY = YES;
				CLANG_WARN_ENUM_CONVERSION = YES;
				CLANG_WARN_INT_CONVERSION = YES;
				CLANG_WARN__DUPLICATE_METHOD_MATCH = YES;
				COPY_PHASE_STRIP = NO;
				GCC_C_LANGUAGE_STANDARD = gnu99;
				GCC_DYNAMIC_NO_PIC = NO;
				GCC_OPTIMIZATION_LEVEL = 0;
				GCC_PREPROCESSOR_DEFINITIONS = (
					"DEBUG=1",
					"$(inherited)",
				);
				GCC_SYMBOLS_PRIVATE_EXTERN = NO;
				GCC_WARN_ABOUT_RETURN_TYPE = YES;
				GCC_WARN_UNINITIALIZED_AUTOS = YES;
				GCC_WARN_UNUSED_VARIABLE = YES;
				IPHONEOS_DEPLOYMENT_TARGET = 6.1;
				ONLY_ACTIVE_ARCH = YES;
				SDKROOT = iphoneos;
			};
			name = Debug;
		};
		4AC2700516CDA89900648C5F /* Release */ = {
			isa = XCBuildConfiguration;
			buildSettings = {
				ALWAYS_SEARCH_USER_PATHS = NO;
				CLANG_CXX_LANGUAGE_STANDARD = "gnu++0x";
				CLANG_CXX_LIBRARY = "libc++";
				CLANG_ENABLE_OBJC_ARC = YES;
				CLANG_WARN_CONSTANT_CONVERSION = YES;
				CLANG_WARN_EMPTY_BODY = YES;
				CLANG_WARN_ENUM_CONVERSION = YES;
				CLANG_WARN_INT_CONVERSION = YES;
				CLANG_WARN__DUPLICATE_METHOD_MATCH = YES;
				COPY_PHASE_STRIP = YES;
				GCC_C_LANGUAGE_STANDARD = gnu99;
				GCC_WARN_ABOUT_RETURN_TYPE = YES;
				GCC_WARN_UNINITIALIZED_AUTOS = YES;
				GCC_WARN_UNUSED_VARIABLE = YES;
				IPHONEOS_DEPLOYMENT_TARGET = 6.1;
				SDKROOT = iphoneos;
				VALIDATE_PRODUCT = YES;
			};
			name = Release;
		};
		4AC2700716CDA89900648C5F /* Debug */ = {
			isa = XCBuildConfiguration;
			buildSettings = {
				DSTROOT = /tmp/CocoaArtnet.dst;
				GCC_PRECOMPILE_PREFIX_HEADER = YES;
				GCC_PREFIX_HEADER = "CocoaArtnet/CocoaArtnet-Prefix.pch";
				HEADER_SEARCH_PATHS = (
					"\"$(OBJROOT)/UninstalledProducts/include\"",
					"\"$(TARGET_BUILD_DIR)/usr/local/lib/include\"",
				);
				OTHER_LDFLAGS = (
					"-ObjC",
					"-all_load",
				);
				PRODUCT_NAME = "$(TARGET_NAME)";
				SKIP_INSTALL = YES;
			};
			name = Debug;
		};
		4AC2700816CDA89900648C5F /* Release */ = {
			isa = XCBuildConfiguration;
			buildSettings = {
				DSTROOT = /tmp/CocoaArtnet.dst;
				GCC_PRECOMPILE_PREFIX_HEADER = YES;
				GCC_PREFIX_HEADER = "CocoaArtnet/CocoaArtnet-Prefix.pch";
				HEADER_SEARCH_PATHS = (
					"\"$(OBJROOT)/UninstalledProducts/include\"",
					"\"$(TARGET_BUILD_DIR)/usr/local/lib/include\"",
				);
				OTHER_LDFLAGS = (
					"-ObjC",
					"-all_load",
				);
				PRODUCT_NAME = "$(TARGET_NAME)";
				SKIP_INSTALL = YES;
			};
			name = Release;
		};
		4AC2700A16CDA89900648C5F /* Debug */ = {
			isa = XCBuildConfiguration;
			buildSettings = {
				FRAMEWORK_SEARCH_PATHS = (
					"\"$(SDKROOT)/Developer/Library/Frameworks\"",
					"\"$(DEVELOPER_LIBRARY_DIR)/Frameworks\"",
				);
				GCC_PRECOMPILE_PREFIX_HEADER = YES;
				GCC_PREFIX_HEADER = "CocoaArtnet/CocoaArtnet-Prefix.pch";
				HEADER_SEARCH_PATHS = (
					"\"$(OBJROOT)/UninstalledProducts/include\"",
					"\"$(TARGET_BUILD_DIR)/usr/local/lib/include\"",
				);
				INFOPLIST_FILE = "CocoaArtnetTests/CocoaArtnetTests-Info.plist";
				OTHER_LDFLAGS = "";
				PRODUCT_NAME = "$(TARGET_NAME)";
				WRAPPER_EXTENSION = octest;
			};
			name = Debug;
		};
		4AC2700B16CDA89900648C5F /* Release */ = {
			isa = XCBuildConfiguration;
			buildSettings = {
				FRAMEWORK_SEARCH_PATHS = (
					"\"$(SDKROOT)/Developer/Library/Frameworks\"",
					"\"$(DEVELOPER_LIBRARY_DIR)/Frameworks\"",
				);
				GCC_PRECOMPILE_PREFIX_HEADER = YES;
				GCC_PREFIX_HEADER = "CocoaArtnet/CocoaArtnet-Prefix.pch";
				HEADER_SEARCH_PATHS = (
					"\"$(OBJROOT)/UninstalledProducts/include\"",
					"\"$(TARGET_BUILD_DIR)/usr/local/lib/include\"",
				);
				INFOPLIST_FILE = "CocoaArtnetTests/CocoaArtnetTests-Info.plist";
				OTHER_LDFLAGS = "";
				PRODUCT_NAME = "$(TARGET_NAME)";
				WRAPPER_EXTENSION = octest;
			};
			name = Release;
		};
/* End XCBuildConfiguration section */

/* Begin XCConfigurationList section */
		4AC26FDC16CDA89900648C5F /* Build configuration list for PBXProject "CocoaArtnet" */ = {
			isa = XCConfigurationList;
			buildConfigurations = (
				4AC2700416CDA89900648C5F /* Debug */,
				4AC2700516CDA89900648C5F /* Release */,
			);
			defaultConfigurationIsVisible = 0;
			defaultConfigurationName = Release;
		};
		4AC2700616CDA89900648C5F /* Build configuration list for PBXNativeTarget "CocoaArtnet" */ = {
			isa = XCConfigurationList;
			buildConfigurations = (
				4AC2700716CDA89900648C5F /* Debug */,
				4AC2700816CDA89900648C5F /* Release */,
			);
			defaultConfigurationIsVisible = 0;
			defaultConfigurationName = Release;
		};
		4AC2700916CDA89900648C5F /* Build configuration list for PBXNativeTarget "CocoaArtnetTests" */ = {
			isa = XCConfigurationList;
			buildConfigurations = (
				4AC2700A16CDA89900648C5F /* Debug */,
				4AC2700B16CDA89900648C5F /* Release */,
			);
			defaultConfigurationIsVisible = 0;
			defaultConfigurationName = Release;
		};
/* End XCConfigurationList section */
	};
	rootObject = 4AC26FD916CDA89900648C5F /* Project object */;
}
